
Microsoft Visual Studio Solution File, Format Version 12.00
# Visual Studio Version 17
VisualStudioVersion = 17.9.34728.123
MinimumVisualStudioVersion = 10.0.40219.1
Project("{FAE04EC0-301F-11D3-BF4B-00C04F79EFBC}") = "MultipleImageHandling", "MultipleImageHandling\MultipleImageHandling.csproj", "{6314F0AC-488C-4A02-B8F7-BA517943803C}"
EndProject
Global
	GlobalSection(SolutionConfigurationPlatforms) = preSolution
		Debug|Any CPU = Debug|Any CPU
		Release|Any CPU = Release|Any CPU
	EndGlobalSection
	GlobalSection(ProjectConfigurationPlatforms) = postSolution
		{6314F0AC-488C-4A02-B8F7-BA517943803C}.Debug|Any CPU.ActiveCfg = Debug|Any CPU
		{6314F0AC-488C-4A02-B8F7-BA517943803C}.Debug|Any CPU.Build.0 = Debug|Any CPU
		{6314F0AC-488C-4A02-B8F7-BA517943803C}.Release|Any CPU.ActiveCfg = Release|Any CPU
		{6314F0AC-488C-4A02-B8F7-BA517943803C}.Release|Any CPU.Build.0 = Release|Any CPU
	EndGlobalSection
	GlobalSection(SolutionProperties) = preSolution
		HideSolutionNode = FALSE
	EndGlobalSection
	GlobalSection(ExtensibilityGlobals) = postSolution
		SolutionGuid = {2C9F1C69-C71B-4E19-BE67-D9AFB69216E7}
	EndGlobalSection
EndGlobal
